// !$*UTF8*$!
{
	archiveVersion = 1;
	classes = {
	};
	objectVersion = 50;
	objects = {

/* Begin PBXBuildFile section */
		441F7B742344F823000A0801 /* View.xib in Resources */ = {isa = PBXBuildFile; fileRef = 441F7B732344F823000A0801 /* View.xib */; };
		4424728623424ACB00AAA14B /* AppDelegate.swift in Sources */ = {isa = PBXBuildFile; fileRef = 4424728523424ACB00AAA14B /* AppDelegate.swift */; };
		4424728823424ACB00AAA14B /* SceneDelegate.swift in Sources */ = {isa = PBXBuildFile; fileRef = 4424728723424ACB00AAA14B /* SceneDelegate.swift */; };
		4424728F23424ACC00AAA14B /* Assets.xcassets in Resources */ = {isa = PBXBuildFile; fileRef = 4424728E23424ACC00AAA14B /* Assets.xcassets */; };
		4424729223424ACC00AAA14B /* LaunchScreen.storyboard in Resources */ = {isa = PBXBuildFile; fileRef = 4424729023424ACC00AAA14B /* LaunchScreen.storyboard */; };
		4424729A23424B0900AAA14B /* CryptoVC.swift in Sources */ = {isa = PBXBuildFile; fileRef = 4424729923424B0900AAA14B /* CryptoVC.swift */; };
		4424729C23424C6300AAA14B /* Model.swift in Sources */ = {isa = PBXBuildFile; fileRef = 4424729B23424C6300AAA14B /* Model.swift */; };
		4426F0E52344E66200484FAF /* AuthVC.swift in Sources */ = {isa = PBXBuildFile; fileRef = 4426F0E42344E66200484FAF /* AuthVC.swift */; };
		44CCDE6C234363EB00074715 /* CoinVC.swift in Sources */ = {isa = PBXBuildFile; fileRef = 44CCDE6B234363EB00074715 /* CoinVC.swift */; };
		9F29EBFBB64287F7E00040CA /* Pods_CryptoFavor.framework in Frameworks */ = {isa = PBXBuildFile; fileRef = 822B5D100A78983AFED57E64 /* Pods_CryptoFavor.framework */; };
/* End PBXBuildFile section */

/* Begin PBXFileReference section */
		26AAF0326618E344A722B55D /* Pods-CryptoFavor.debug.xcconfig */ = {isa = PBXFileReference; includeInIndex = 1; lastKnownFileType = text.xcconfig; name = "Pods-CryptoFavor.debug.xcconfig"; path = "Pods/Target Support Files/Pods-CryptoFavor/Pods-CryptoFavor.debug.xcconfig"; sourceTree = "<group>"; };
		441F7B732344F823000A0801 /* View.xib */ = {isa = PBXFileReference; lastKnownFileType = file.xib; path = View.xib; sourceTree = "<group>"; };
		4424728223424ACB00AAA14B /* CryptoFavor.app */ = {isa = PBXFileReference; explicitFileType = wrapper.application; includeInIndex = 0; path = CryptoFavor.app; sourceTree = BUILT_PRODUCTS_DIR; };
		4424728523424ACB00AAA14B /* AppDelegate.swift */ = {isa = PBXFileReference; lastKnownFileType = sourcecode.swift; path = AppDelegate.swift; sourceTree = "<group>"; };
		4424728723424ACB00AAA14B /* SceneDelegate.swift */ = {isa = PBXFileReference; lastKnownFileType = sourcecode.swift; path = SceneDelegate.swift; sourceTree = "<group>"; };
		4424728E23424ACC00AAA14B /* Assets.xcassets */ = {isa = PBXFileReference; lastKnownFileType = folder.assetcatalog; path = Assets.xcassets; sourceTree = "<group>"; };
		4424729123424ACC00AAA14B /* Base */ = {isa = PBXFileReference; lastKnownFileType = file.storyboard; name = Base; path = Base.lproj/LaunchScreen.storyboard; sourceTree = "<group>"; };
		4424729323424ACC00AAA14B /* Info.plist */ = {isa = PBXFileReference; lastKnownFileType = text.plist.xml; path = Info.plist; sourceTree = "<group>"; };
		4424729923424B0900AAA14B /* CryptoVC.swift */ = {isa = PBXFileReference; lastKnownFileType = sourcecode.swift; path = CryptoVC.swift; sourceTree = "<group>"; };
		4424729B23424C6300AAA14B /* Model.swift */ = {isa = PBXFileReference; lastKnownFileType = sourcecode.swift; path = Model.swift; sourceTree = "<group>"; };
		4426F0E42344E66200484FAF /* AuthVC.swift */ = {isa = PBXFileReference; lastKnownFileType = sourcecode.swift; path = AuthVC.swift; sourceTree = "<group>"; };
		44CCDE6B234363EB00074715 /* CoinVC.swift */ = {isa = PBXFileReference; lastKnownFileType = sourcecode.swift; path = CoinVC.swift; sourceTree = "<group>"; };
		822B5D100A78983AFED57E64 /* Pods_CryptoFavor.framework */ = {isa = PBXFileReference; explicitFileType = wrapper.framework; includeInIndex = 0; path = Pods_CryptoFavor.framework; sourceTree = BUILT_PRODUCTS_DIR; };
		B8A54B7E0F9C5E10851C5DA3 /* Pods-CryptoFavor.release.xcconfig */ = {isa = PBXFileReference; includeInIndex = 1; lastKnownFileType = text.xcconfig; name = "Pods-CryptoFavor.release.xcconfig"; path = "Pods/Target Support Files/Pods-CryptoFavor/Pods-CryptoFavor.release.xcconfig"; sourceTree = "<group>"; };
/* End PBXFileReference section */

/* Begin PBXFrameworksBuildPhase section */
		4424727F23424ACB00AAA14B /* Frameworks */ = {
			isa = PBXFrameworksBuildPhase;
			buildActionMask = 2147483647;
			files = (
				9F29EBFBB64287F7E00040CA /* Pods_CryptoFavor.framework in Frameworks */,
			);
			runOnlyForDeploymentPostprocessing = 0;
		};
/* End PBXFrameworksBuildPhase section */

/* Begin PBXGroup section */
		4424727923424ACB00AAA14B = {
			isa = PBXGroup;
			children = (
				4424728423424ACB00AAA14B /* CryptoFavor */,
				4424728323424ACB00AAA14B /* Products */,
				99312059DD95468CD6494C3B /* Pods */,
				DE404B24644BFB05DB24F141 /* Frameworks */,
			);
			sourceTree = "<group>";
		};
		4424728323424ACB00AAA14B /* Products */ = {
			isa = PBXGroup;
			children = (
				4424728223424ACB00AAA14B /* CryptoFavor.app */,
			);
			name = Products;
			sourceTree = "<group>";
		};
		4424728423424ACB00AAA14B /* CryptoFavor */ = {
			isa = PBXGroup;
			children = (
				4424729923424B0900AAA14B /* CryptoVC.swift */,
				44CCDE6B234363EB00074715 /* CoinVC.swift */,
				4424729B23424C6300AAA14B /* Model.swift */,
				4426F0E42344E66200484FAF /* AuthVC.swift */,
				4424728723424ACB00AAA14B /* SceneDelegate.swift */,
				4424728523424ACB00AAA14B /* AppDelegate.swift */,
				441F7B732344F823000A0801 /* View.xib */,
				4424728E23424ACC00AAA14B /* Assets.xcassets */,
				4424729023424ACC00AAA14B /* LaunchScreen.storyboard */,
				4424729323424ACC00AAA14B /* Info.plist */,
			);
			path = CryptoFavor;
			sourceTree = "<group>";
		};
		99312059DD95468CD6494C3B /* Pods */ = {
			isa = PBXGroup;
			children = (
				26AAF0326618E344A722B55D /* Pods-CryptoFavor.debug.xcconfig */,
				B8A54B7E0F9C5E10851C5DA3 /* Pods-CryptoFavor.release.xcconfig */,
			);
			name = Pods;
			sourceTree = "<group>";
		};
		DE404B24644BFB05DB24F141 /* Frameworks */ = {
			isa = PBXGroup;
			children = (
				822B5D100A78983AFED57E64 /* Pods_CryptoFavor.framework */,
			);
			name = Frameworks;
			sourceTree = "<group>";
		};
/* End PBXGroup section */

/* Begin PBXNativeTarget section */
		4424728123424ACB00AAA14B /* CryptoFavor */ = {
			isa = PBXNativeTarget;
			buildConfigurationList = 4424729623424ACC00AAA14B /* Build configuration list for PBXNativeTarget "CryptoFavor" */;
			buildPhases = (
				DB3E7658D207B412CD8C7BD1 /* [CP] Check Pods Manifest.lock */,
				4424727E23424ACB00AAA14B /* Sources */,
				4424727F23424ACB00AAA14B /* Frameworks */,
				4424728023424ACB00AAA14B /* Resources */,
				B8D9014160501E8014592B90 /* [CP] Embed Pods Frameworks */,
			);
			buildRules = (
			);
			dependencies = (
			);
			name = CryptoFavor;
			productName = CryptoFavor;
			productReference = 4424728223424ACB00AAA14B /* CryptoFavor.app */;
			productType = "com.apple.product-type.application";
		};
/* End PBXNativeTarget section */

/* Begin PBXProject section */
		4424727A23424ACB00AAA14B /* Project object */ = {
			isa = PBXProject;
			attributes = {
				LastSwiftUpdateCheck = 1100;
				LastUpgradeCheck = 1100;
				ORGANIZATIONNAME = "Nazar Petruk";
				TargetAttributes = {
					4424728123424ACB00AAA14B = {
						CreatedOnToolsVersion = 11.0;
					};
				};
			};
			buildConfigurationList = 4424727D23424ACB00AAA14B /* Build configuration list for PBXProject "CryptoFavor" */;
			compatibilityVersion = "Xcode 9.3";
			developmentRegion = en;
			hasScannedForEncodings = 0;
			knownRegions = (
				en,
				Base,
			);
			mainGroup = 4424727923424ACB00AAA14B;
			productRefGroup = 4424728323424ACB00AAA14B /* Products */;
			projectDirPath = "";
			projectRoot = "";
			targets = (
				4424728123424ACB00AAA14B /* CryptoFavor */,
			);
		};
/* End PBXProject section */

/* Begin PBXResourcesBuildPhase section */
		4424728023424ACB00AAA14B /* Resources */ = {
			isa = PBXResourcesBuildPhase;
			buildActionMask = 2147483647;
			files = (
				4424729223424ACC00AAA14B /* LaunchScreen.storyboard in Resources */,
				441F7B742344F823000A0801 /* View.xib in Resources */,
				4424728F23424ACC00AAA14B /* Assets.xcassets in Resources */,
			);
			runOnlyForDeploymentPostprocessing = 0;
		};
/* End PBXResourcesBuildPhase section */

/* Begin PBXShellScriptBuildPhase section */
		B8D9014160501E8014592B90 /* [CP] Embed Pods Frameworks */ = {
			isa = PBXShellScriptBuildPhase;
			buildActionMask = 2147483647;
			files = (
			);
			inputPaths = (
				"${SRCROOT}/Pods/Target Support Files/Pods-CryptoFavor/Pods-CryptoFavor-frameworks.sh",
				"${BUILT_PRODUCTS_DIR}/Alamofire/Alamofire.framework",
				"${BUILT_PRODUCTS_DIR}/SwiftChart/SwiftChart.framework",
			);
			name = "[CP] Embed Pods Frameworks";
			outputPaths = (
				"${TARGET_BUILD_DIR}/${FRAMEWORKS_FOLDER_PATH}/Alamofire.framework",
				"${TARGET_BUILD_DIR}/${FRAMEWORKS_FOLDER_PATH}/SwiftChart.framework",
			);
			runOnlyForDeploymentPostprocessing = 0;
			shellPath = /bin/sh;
			shellScript = "\"${SRCROOT}/Pods/Target Support Files/Pods-CryptoFavor/Pods-CryptoFavor-frameworks.sh\"\n";
			showEnvVarsInLog = 0;
		};
		DB3E7658D207B412CD8C7BD1 /* [CP] Check Pods Manifest.lock */ = {
			isa = PBXShellScriptBuildPhase;
			buildActionMask = 2147483647;
			files = (
			);
			inputPaths = (
				"${PODS_PODFILE_DIR_PATH}/Podfile.lock",
				"${PODS_ROOT}/Manifest.lock",
			);
			name = "[CP] Check Pods Manifest.lock";
			outputPaths = (
				"$(DERIVED_FILE_DIR)/Pods-CryptoFavor-checkManifestLockResult.txt",
			);
			runOnlyForDeploymentPostprocessing = 0;
			shellPath = /bin/sh;
			shellScript = "diff \"${PODS_PODFILE_DIR_PATH}/Podfile.lock\" \"${PODS_ROOT}/Manifest.lock\" > /dev/null\nif [ $? != 0 ] ; then\n    # print error to STDERR\n    echo \"error: The sandbox is not in sync with the Podfile.lock. Run 'pod install' or update your CocoaPods installation.\" >&2\n    exit 1\nfi\n# This output is used by Xcode 'outputs' to avoid re-running this script phase.\necho \"SUCCESS\" > \"${SCRIPT_OUTPUT_FILE_0}\"\n";
			showEnvVarsInLog = 0;
		};
/* End PBXShellScriptBuildPhase section */

/* Begin PBXSourcesBuildPhase section */
		4424727E23424ACB00AAA14B /* Sources */ = {
			isa = PBXSourcesBuildPhase;
			buildActionMask = 2147483647;
			files = (
				4426F0E52344E66200484FAF /* AuthVC.swift in Sources */,
				4424728623424ACB00AAA14B /* AppDelegate.swift in Sources */,
				4424729A23424B0900AAA14B /* CryptoVC.swift in Sources */,
				44CCDE6C234363EB00074715 /* CoinVC.swift in Sources */,
				4424728823424ACB00AAA14B /* SceneDelegate.swift in Sources */,
				4424729C23424C6300AAA14B /* Model.swift in Sources */,
			);
			runOnlyForDeploymentPostprocessing = 0;
		};
/* End PBXSourcesBuildPhase section */

/* Begin PBXVariantGroup section */
		4424729023424ACC00AAA14B /* LaunchScreen.storyboard */ = {
			isa = PBXVariantGroup;
			children = (
				4424729123424ACC00AAA14B /* Base */,
			);
			name = LaunchScreen.storyboard;
			sourceTree = "<group>";
		};
/* End PBXVariantGroup section */

/* Begin XCBuildConfiguration section */
		4424729423424ACC00AAA14B /* Debug */ = {
			isa = XCBuildConfiguration;
			buildSettings = {
				ALWAYS_SEARCH_USER_PATHS = NO;
				CLANG_ANALYZER_NONNULL = YES;
				CLANG_ANALYZER_NUMBER_OBJECT_CONVERSION = YES_AGGRESSIVE;
				CLANG_CXX_LANGUAGE_STANDARD = "gnu++14";
				CLANG_CXX_LIBRARY = "libc++";
				CLANG_ENABLE_MODULES = YES;
				CLANG_ENABLE_OBJC_ARC = YES;
				CLANG_ENABLE_OBJC_WEAK = YES;
				CLANG_WARN_BLOCK_CAPTURE_AUTORELEASING = YES;
				CLANG_WARN_BOOL_CONVERSION = YES;
				CLANG_WARN_COMMA = YES;
				CLANG_WARN_CONSTANT_CONVERSION = YES;
				CLANG_WARN_DEPRECATED_OBJC_IMPLEMENTATIONS = YES;
				CLANG_WARN_DIRECT_OBJC_ISA_USAGE = YES_ERROR;
				CLANG_WARN_DOCUMENTATION_COMMENTS = YES;
				CLANG_WARN_EMPTY_BODY = YES;
				CLANG_WARN_ENUM_CONVERSION = YES;
				CLANG_WARN_INFINITE_RECURSION = YES;
				CLANG_WARN_INT_CONVERSION = YES;
				CLANG_WARN_NON_LITERAL_NULL_CONVERSION = YES;
				CLANG_WARN_OBJC_IMPLICIT_RETAIN_SELF = YES;
				CLANG_WARN_OBJC_LITERAL_CONVERSION = YES;
				CLANG_WARN_OBJC_ROOT_CLASS = YES_ERROR;
				CLANG_WARN_RANGE_LOOP_ANALYSIS = YES;
				CLANG_WARN_STRICT_PROTOTYPES = YES;
				CLANG_WARN_SUSPICIOUS_MOVE = YES;
				CLANG_WARN_UNGUARDED_AVAILABILITY = YES_AGGRESSIVE;
				CLANG_WARN_UNREACHABLE_CODE = YES;
				CLANG_WARN__DUPLICATE_METHOD_MATCH = YES;
				COPY_PHASE_STRIP = NO;
				DEBUG_INFORMATION_FORMAT = dwarf;
				ENABLE_STRICT_OBJC_MSGSEND = YES;
				ENABLE_TESTABILITY = YES;
				GCC_C_LANGUAGE_STANDARD = gnu11;
				GCC_DYNAMIC_NO_PIC = NO;
				GCC_NO_COMMON_BLOCKS = YES;
				GCC_OPTIMIZATION_LEVEL = 0;
				GCC_PREPROCESSOR_DEFINITIONS = (
					"DEBUG=1",
					"$(inherited)",
				);
				GCC_WARN_64_TO_32_BIT_CONVERSION = YES;
				GCC_WARN_ABOUT_RETURN_TYPE = YES_ERROR;
				GCC_WARN_UNDECLARED_SELECTOR = YES;
				GCC_WARN_UNINITIALIZED_AUTOS = YES_AGGRESSIVE;
				GCC_WARN_UNUSED_FUNCTION = YES;
				GCC_WARN_UNUSED_VARIABLE = YES;
				IPHONEOS_DEPLOYMENT_TARGET = 13.0;
				MTL_ENABLE_DEBUG_INFO = INCLUDE_SOURCE;
				MTL_FAST_MATH = YES;
				ONLY_ACTIVE_ARCH = YES;
				SDKROOT = iphoneos;
				SWIFT_ACTIVE_COMPILATION_CONDITIONS = DEBUG;
				SWIFT_OPTIMIZATION_LEVEL = "-Onone";
			};
			name = Debug;
		};
		4424729523424ACC00AAA14B /* Release */ = {
			isa = XCBuildConfiguration;
			buildSettings = {
				ALWAYS_SEARCH_USER_PATHS = NO;
				CLANG_ANALYZER_NONNULL = YES;
				CLANG_ANALYZER_NUMBER_OBJECT_CONVERSION = YES_AGGRESSIVE;
				CLANG_CXX_LANGUAGE_STANDARD = "gnu++14";
				CLANG_CXX_LIBRARY = "libc++";
				CLANG_ENABLE_MODULES = YES;
				CLANG_ENABLE_OBJC_ARC = YES;
				CLANG_ENABLE_OBJC_WEAK = YES;
				CLANG_WARN_BLOCK_CAPTURE_AUTORELEASING = YES;
				CLANG_WARN_BOOL_CONVERSION = YES;
				CLANG_WARN_COMMA = YES;
				CLANG_WARN_CONSTANT_CONVERSION = YES;
				CLANG_WARN_DEPRECATED_OBJC_IMPLEMENTATIONS = YES;
				CLANG_WARN_DIRECT_OBJC_ISA_USAGE = YES_ERROR;
				CLANG_WARN_DOCUMENTATION_COMMENTS = YES;
				CLANG_WARN_EMPTY_BODY = YES;
				CLANG_WARN_ENUM_CONVERSION = YES;
				CLANG_WARN_INFINITE_RECURSION = YES;
				CLANG_WARN_INT_CONVERSION = YES;
				CLANG_WARN_NON_LITERAL_NULL_CONVERSION = YES;
				CLANG_WARN_OBJC_IMPLICIT_RETAIN_SELF = YES;
				CLANG_WARN_OBJC_LITERAL_CONVERSION = YES;
				CLANG_WARN_OBJC_ROOT_CLASS = YES_ERROR;
				CLANG_WARN_RANGE_LOOP_ANALYSIS = YES;
				CLANG_WARN_STRICT_PROTOTYPES = YES;
				CLANG_WARN_SUSPICIOUS_MOVE = YES;
				CLANG_WARN_UNGUARDED_AVAILABILITY = YES_AGGRESSIVE;
				CLANG_WARN_UNREACHABLE_CODE = YES;
				CLANG_WARN__DUPLICATE_METHOD_MATCH = YES;
				COPY_PHASE_STRIP = NO;
				DEBUG_INFORMATION_FORMAT = "dwarf-with-dsym";
				ENABLE_NS_ASSERTIONS = NO;
				ENABLE_STRICT_OBJC_MSGSEND = YES;
				GCC_C_LANGUAGE_STANDARD = gnu11;
				GCC_NO_COMMON_BLOCKS = YES;
				GCC_WARN_64_TO_32_BIT_CONVERSION = YES;
				GCC_WARN_ABOUT_RETURN_TYPE = YES_ERROR;
				GCC_WARN_UNDECLARED_SELECTOR = YES;
				GCC_WARN_UNINITIALIZED_AUTOS = YES_AGGRESSIVE;
				GCC_WARN_UNUSED_FUNCTION = YES;
				GCC_WARN_UNUSED_VARIABLE = YES;
				IPHONEOS_DEPLOYMENT_TARGET = 13.0;
				MTL_ENABLE_DEBUG_INFO = NO;
				MTL_FAST_MATH = YES;
				SDKROOT = iphoneos;
				SWIFT_COMPILATION_MODE = wholemodule;
				SWIFT_OPTIMIZATION_LEVEL = "-O";
				VALIDATE_PRODUCT = YES;
			};
			name = Release;
		};
		4424729723424ACC00AAA14B /* Debug */ = {
			isa = XCBuildConfiguration;
			baseConfigurationReference = 26AAF0326618E344A722B55D /* Pods-CryptoFavor.debug.xcconfig */;
			buildSettings = {
				ASSETCATALOG_COMPILER_APPICON_NAME = AppIcon;
				CODE_SIGN_STYLE = Automatic;
				DEVELOPMENT_TEAM = PRZ43Q4HD7;
				INFOPLIST_FILE = CryptoFavor/Info.plist;
				LD_RUNPATH_SEARCH_PATHS = (
					"$(inherited)",
					"@executable_path/Frameworks",
				);
				PRODUCT_BUNDLE_IDENTIFIER = com.nazarDev.CryptoFavor;
				PRODUCT_NAME = "$(TARGET_NAME)";
				SWIFT_VERSION = 5.0;
				TARGETED_DEVICE_FAMILY = 1;
			};
			name = Debug;
		};
		4424729823424ACC00AAA14B /* Release */ = {
			isa = XCBuildConfiguration;
			baseConfigurationReference = B8A54B7E0F9C5E10851C5DA3 /* Pods-CryptoFavor.release.xcconfig */;
			buildSettings = {
				ASSETCATALOG_COMPILER_APPICON_NAME = AppIcon;
				CODE_SIGN_STYLE = Automatic;
				DEVELOPMENT_TEAM = PRZ43Q4HD7;
				INFOPLIST_FILE = CryptoFavor/Info.plist;
				LD_RUNPATH_SEARCH_PATHS = (
					"$(inherited)",
					"@executable_path/Frameworks",
				);
				PRODUCT_BUNDLE_IDENTIFIER = com.nazarDev.CryptoFavor;
				PRODUCT_NAME = "$(TARGET_NAME)";
				SWIFT_VERSION = 5.0;
				TARGETED_DEVICE_FAMILY = 1;
			};
			name = Release;
		};
/* End XCBuildConfiguration section */

/* Begin XCConfigurationList section */
		4424727D23424ACB00AAA14B /* Build configuration list for PBXProject "CryptoFavor" */ = {
			isa = XCConfigurationList;
			buildConfigurations = (
				4424729423424ACC00AAA14B /* Debug */,
				4424729523424ACC00AAA14B /* Release */,
			);
			defaultConfigurationIsVisible = 0;
			defaultConfigurationName = Release;
		};
		4424729623424ACC00AAA14B /* Build configuration list for PBXNativeTarget "CryptoFavor" */ = {
			isa = XCConfigurationList;
			buildConfigurations = (
				4424729723424ACC00AAA14B /* Debug */,
				4424729823424ACC00AAA14B /* Release */,
			);
			defaultConfigurationIsVisible = 0;
			defaultConfigurationName = Release;
		};
/* End XCConfigurationList section */
	};
	rootObject = 4424727A23424ACB00AAA14B /* Project object */;
}
